
Microsoft Visual Studio Solution File, Format Version 12.00
# Visual Studio Version 16
VisualStudioVersion = 16.0.29728.190
MinimumVisualStudioVersion = 10.0.40219.1
Project("{2150E333-8FDC-42A3-9474-1A3956D46DE8}") = "1. WebAPI", "1. WebAPI", "{D17AA440-AC90-4ABD-AF68-77D64CFE6EDF}"
EndProject
Project("{9A19103F-16F7-4668-BE54-9A1E7A4F7556}") = "flights.api", "flights.api\flights.api.csproj", "{7BBE24A5-A873-4AF0-A82D-116CDDF3B6BB}"
EndProject
Project("{2150E333-8FDC-42A3-9474-1A3956D46DE8}") = "2. Application", "2. Application", "{D5FBDCF7-074E-422F-AE9E-80B9EBAD8C8C}"
EndProject
Project("{9A19103F-16F7-4668-BE54-9A1E7A4F7556}") = "flights.application", "flights.application\flights.application.csproj", "{43409177-D79C-45C8-8088-B989D2EFD57D}"
EndProject
Project("{2150E333-8FDC-42A3-9474-1A3956D46DE8}") = "3. Domain", "3. Domain", "{0F2A1E74-F3EF-414D-94F1-A7D04A60AEF0}"
EndProject
Project("{9A19103F-16F7-4668-BE54-9A1E7A4F7556}") = "flights.domain", "flights.domain\flights.domain.csproj", "{F9E7835B-DB6D-417D-9116-A3E36DE5874E}"
EndProject
Project("{2150E333-8FDC-42A3-9474-1A3956D46DE8}") = "4. Infrastructure", "4. Infrastructure", "{4DBDE727-6618-4719-800B-D8ECC1F70400}"
EndProject
Project("{2150E333-8FDC-42A3-9474-1A3956D46DE8}") = "4.1 Data", "4.1 Data", "{8ABD457B-8F33-4B4F-8BD2-45EE16B10975}"
EndProject
Project("{2150E333-8FDC-42A3-9474-1A3956D46DE8}") = "4.2 CrossCutting", "4.2 CrossCutting", "{96F80D86-3A8D-48C1-9B27-3F717269C230}"
EndProject
Project("{9A19103F-16F7-4668-BE54-9A1E7A4F7556}") = "flights.crosscutting", "flights.crosscutting\flights.crosscutting.csproj", "{30283ACF-8656-422A-B5D8-30128B2BDEDE}"
EndProject
Project("{2150E333-8FDC-42A3-9474-1A3956D46DE8}") = "4.3 Providers", "4.3 Providers", "{8F315F54-2684-4706-B8F7-CC782B187A3A}"
EndProject
Project("{2150E333-8FDC-42A3-9474-1A3956D46DE8}") = "4.3.1 Azul", "4.3.1 Azul", "{5565C9DB-CE04-4116-B6BF-C47686E07A3C}"
EndProject
Project("{2150E333-8FDC-42A3-9474-1A3956D46DE8}") = "4.3.2 Gol", "4.3.2 Gol", "{75061761-81F0-4147-92E1-6E94BD02249D}"
EndProject
Project("{2150E333-8FDC-42A3-9474-1A3956D46DE8}") = "4.3.3 Latam", "4.3.3 Latam", "{B701FC19-FD68-4E90-A2BD-41F5F9E4F27E}"
EndProject
Project("{9A19103F-16F7-4668-BE54-9A1E7A4F7556}") = "flights.provider.gol", "flights.provider.gol\flights.provider.gol.csproj", "{A0A0ACC6-F76E-4ACB-A62F-887B184D8561}"
EndProject
Project("{9A19103F-16F7-4668-BE54-9A1E7A4F7556}") = "flights.provider.latam", "flights.provider.latam\flights.provider.latam.csproj", "{F8984B3B-B8CF-4222-B1B7-347C44F4D23E}"
EndProject
Project("{9A19103F-16F7-4668-BE54-9A1E7A4F7556}") = "flights.data.sqlserver", "flights.data.sqlserver\flights.data.sqlserver.csproj", "{5856C2F5-93FA-4FC6-9F20-C1B3A332EBB3}"
EndProject
Project("{9A19103F-16F7-4668-BE54-9A1E7A4F7556}") = "flights.provider.azul", "flights.provider.azul\flights.provider.azul.csproj", "{7C56BF96-9480-4523-A739-E9D6F16E45C1}"
EndProject
Project("{FAE04EC0-301F-11D3-BF4B-00C04F79EFBC}") = "flights.data.mongodb", "flights.data.mongodb\flights.data.mongodb.csproj", "{D11F837D-40C9-4A36-A6A5-C4E33D187738}"
EndProject
Global
	GlobalSection(SolutionConfigurationPlatforms) = preSolution
		Debug|Any CPU = Debug|Any CPU
		Release|Any CPU = Release|Any CPU
	EndGlobalSection
	GlobalSection(ProjectConfigurationPlatforms) = postSolution
		{7BBE24A5-A873-4AF0-A82D-116CDDF3B6BB}.Debug|Any CPU.ActiveCfg = Debug|Any CPU
		{7BBE24A5-A873-4AF0-A82D-116CDDF3B6BB}.Debug|Any CPU.Build.0 = Debug|Any CPU
		{7BBE24A5-A873-4AF0-A82D-116CDDF3B6BB}.Release|Any CPU.ActiveCfg = Release|Any CPU
		{7BBE24A5-A873-4AF0-A82D-116CDDF3B6BB}.Release|Any CPU.Build.0 = Release|Any CPU
		{43409177-D79C-45C8-8088-B989D2EFD57D}.Debug|Any CPU.ActiveCfg = Debug|Any CPU
		{43409177-D79C-45C8-8088-B989D2EFD57D}.Debug|Any CPU.Build.0 = Debug|Any CPU
		{43409177-D79C-45C8-8088-B989D2EFD57D}.Release|Any CPU.ActiveCfg = Release|Any CPU
		{43409177-D79C-45C8-8088-B989D2EFD57D}.Release|Any CPU.Build.0 = Release|Any CPU
		{F9E7835B-DB6D-417D-9116-A3E36DE5874E}.Debug|Any CPU.ActiveCfg = Debug|Any CPU
		{F9E7835B-DB6D-417D-9116-A3E36DE5874E}.Debug|Any CPU.Build.0 = Debug|Any CPU
		{F9E7835B-DB6D-417D-9116-A3E36DE5874E}.Release|Any CPU.ActiveCfg = Release|Any CPU
		{F9E7835B-DB6D-417D-9116-A3E36DE5874E}.Release|Any CPU.Build.0 = Release|Any CPU
		{30283ACF-8656-422A-B5D8-30128B2BDEDE}.Debug|Any CPU.ActiveCfg = Debug|Any CPU
		{30283ACF-8656-422A-B5D8-30128B2BDEDE}.Debug|Any CPU.Build.0 = Debug|Any CPU
		{30283ACF-8656-422A-B5D8-30128B2BDEDE}.Release|Any CPU.ActiveCfg = Release|Any CPU
		{30283ACF-8656-422A-B5D8-30128B2BDEDE}.Release|Any CPU.Build.0 = Release|Any CPU
		{A0A0ACC6-F76E-4ACB-A62F-887B184D8561}.Debug|Any CPU.ActiveCfg = Debug|Any CPU
		{A0A0ACC6-F76E-4ACB-A62F-887B184D8561}.Debug|Any CPU.Build.0 = Debug|Any CPU
		{A0A0ACC6-F76E-4ACB-A62F-887B184D8561}.Release|Any CPU.ActiveCfg = Release|Any CPU
		{A0A0ACC6-F76E-4ACB-A62F-887B184D8561}.Release|Any CPU.Build.0 = Release|Any CPU
		{F8984B3B-B8CF-4222-B1B7-347C44F4D23E}.Debug|Any CPU.ActiveCfg = Debug|Any CPU
		{F8984B3B-B8CF-4222-B1B7-347C44F4D23E}.Debug|Any CPU.Build.0 = Debug|Any CPU
		{F8984B3B-B8CF-4222-B1B7-347C44F4D23E}.Release|Any CPU.ActiveCfg = Release|Any CPU
		{F8984B3B-B8CF-4222-B1B7-347C44F4D23E}.Release|Any CPU.Build.0 = Release|Any CPU
		{5856C2F5-93FA-4FC6-9F20-C1B3A332EBB3}.Debug|Any CPU.ActiveCfg = Debug|Any CPU
		{5856C2F5-93FA-4FC6-9F20-C1B3A332EBB3}.Debug|Any CPU.Build.0 = Debug|Any CPU
		{5856C2F5-93FA-4FC6-9F20-C1B3A332EBB3}.Release|Any CPU.ActiveCfg = Release|Any CPU
		{5856C2F5-93FA-4FC6-9F20-C1B3A332EBB3}.Release|Any CPU.Build.0 = Release|Any CPU
		{7C56BF96-9480-4523-A739-E9D6F16E45C1}.Debug|Any CPU.ActiveCfg = Debug|Any CPU
		{7C56BF96-9480-4523-A739-E9D6F16E45C1}.Debug|Any CPU.Build.0 = Debug|Any CPU
		{7C56BF96-9480-4523-A739-E9D6F16E45C1}.Release|Any CPU.ActiveCfg = Release|Any CPU
		{7C56BF96-9480-4523-A739-E9D6F16E45C1}.Release|Any CPU.Build.0 = Release|Any CPU
		{D11F837D-40C9-4A36-A6A5-C4E33D187738}.Debug|Any CPU.ActiveCfg = Debug|Any CPU
		{D11F837D-40C9-4A36-A6A5-C4E33D187738}.Debug|Any CPU.Build.0 = Debug|Any CPU
		{D11F837D-40C9-4A36-A6A5-C4E33D187738}.Release|Any CPU.ActiveCfg = Release|Any CPU
		{D11F837D-40C9-4A36-A6A5-C4E33D187738}.Release|Any CPU.Build.0 = Release|Any CPU
	EndGlobalSection
	GlobalSection(SolutionProperties) = preSolution
		HideSolutionNode = FALSE
	EndGlobalSection
	GlobalSection(NestedProjects) = preSolution
		{7BBE24A5-A873-4AF0-A82D-116CDDF3B6BB} = {D17AA440-AC90-4ABD-AF68-77D64CFE6EDF}
		{43409177-D79C-45C8-8088-B989D2EFD57D} = {D5FBDCF7-074E-422F-AE9E-80B9EBAD8C8C}
		{F9E7835B-DB6D-417D-9116-A3E36DE5874E} = {0F2A1E74-F3EF-414D-94F1-A7D04A60AEF0}
		{8ABD457B-8F33-4B4F-8BD2-45EE16B10975} = {4DBDE727-6618-4719-800B-D8ECC1F70400}
		{96F80D86-3A8D-48C1-9B27-3F717269C230} = {4DBDE727-6618-4719-800B-D8ECC1F70400}
		{30283ACF-8656-422A-B5D8-30128B2BDEDE} = {96F80D86-3A8D-48C1-9B27-3F717269C230}
		{8F315F54-2684-4706-B8F7-CC782B187A3A} = {4DBDE727-6618-4719-800B-D8ECC1F70400}
		{5565C9DB-CE04-4116-B6BF-C47686E07A3C} = {8F315F54-2684-4706-B8F7-CC782B187A3A}
		{75061761-81F0-4147-92E1-6E94BD02249D} = {8F315F54-2684-4706-B8F7-CC782B187A3A}
		{B701FC19-FD68-4E90-A2BD-41F5F9E4F27E} = {8F315F54-2684-4706-B8F7-CC782B187A3A}
		{A0A0ACC6-F76E-4ACB-A62F-887B184D8561} = {75061761-81F0-4147-92E1-6E94BD02249D}
		{F8984B3B-B8CF-4222-B1B7-347C44F4D23E} = {B701FC19-FD68-4E90-A2BD-41F5F9E4F27E}
		{5856C2F5-93FA-4FC6-9F20-C1B3A332EBB3} = {8ABD457B-8F33-4B4F-8BD2-45EE16B10975}
		{7C56BF96-9480-4523-A739-E9D6F16E45C1} = {5565C9DB-CE04-4116-B6BF-C47686E07A3C}
		{D11F837D-40C9-4A36-A6A5-C4E33D187738} = {8ABD457B-8F33-4B4F-8BD2-45EE16B10975}
	EndGlobalSection
	GlobalSection(ExtensibilityGlobals) = postSolution
		SolutionGuid = {577BC9F1-4D09-41CF-8705-5ACAD03E43D0}
	EndGlobalSection
EndGlobal
